{
  "originHash" : "2c1384a9c29c03c65708128394ed7cd9c14f8aaf882e4f01413e3ccb871220ca",
  "pins" : [
    {
      "identity" : "fluidaudio",
      "kind" : "remoteSourceControl",
      "location" : "https://github.com/FluidInference/FluidAudio.git",
      "state" : {
        "revision" : "4dbf4f9f9a5ff3a53ade848d7ba4e3df13db859b",
        "version" : "0.15.6"
      }
    }
  ],
  "version" : 3
}
